// !$*UTF8*$!
{
	archiveVersion = 1;
	classes = {
	};
	objectVersion = 50;
	objects = {

/* Begin PBXBuildFile section */
		2D62023223320B12002D3C77 /* AppDelegate.swift in Sources */ = {isa = PBXBuildFile; fileRef = 2D62023123320B12002D3C77 /* AppDelegate.swift */; };
		2D62023423320B12002D3C77 /* ViewController.swift in Sources */ = {isa = PBXBuildFile; fileRef = 2D62023323320B12002D3C77 /* ViewController.swift */; };
		2D62023723320B12002D3C77 /* Main.storyboard in Resources */ = {isa = PBXBuildFile; fileRef = 2D62023523320B12002D3C77 /* Main.storyboard */; };
		2D62023923320B13002D3C77 /* Assets.xcassets in Resources */ = {isa = PBXBuildFile; fileRef = 2D62023823320B13002D3C77 /* Assets.xcassets */; };
		2D62023C23320B13002D3C77 /* LaunchScreen.storyboard in Resources */ = {isa = PBXBuildFile; fileRef = 2D62023A23320B13002D3C77 /* LaunchScreen.storyboard */; };
		A185EEEFF2DD3E3CCBC2D5EE /* Pods_AnimatedClockDemo.framework in Frameworks */ = {isa = PBXBuildFile; fileRef = 411FAA8B3D407933386CABFF /* Pods_AnimatedClockDemo.framework */; };
/* End PBXBuildFile section */

/* Begin PBXCopyFilesBuildPhase section */
		2D66C1032332DAE7001C8410 /* Embed Frameworks */ = {
			isa = PBXCopyFilesBuildPhase;
			buildActionMask = 2147483647;
			dstPath = "";
			dstSubfolderSpec = 10;
			files = (
			);
			name = "Embed Frameworks";
			runOnlyForDeploymentPostprocessing = 0;
		};
/* End PBXCopyFilesBuildPhase section */

/* Begin PBXFileReference section */
		003291375DEA50A3CDA1B455 /* Pods-AnimatedClockDemo.release.xcconfig */ = {isa = PBXFileReference; includeInIndex = 1; lastKnownFileType = text.xcconfig; name = "Pods-AnimatedClockDemo.release.xcconfig"; path = "Target Support Files/Pods-AnimatedClockDemo/Pods-AnimatedClockDemo.release.xcconfig"; sourceTree = "<group>"; };
		2D62022E23320B12002D3C77 /* AnimatedClockDemo.app */ = {isa = PBXFileReference; explicitFileType = wrapper.application; includeInIndex = 0; path = AnimatedClockDemo.app; sourceTree = BUILT_PRODUCTS_DIR; };
		2D62023123320B12002D3C77 /* AppDelegate.swift */ = {isa = PBXFileReference; lastKnownFileType = sourcecode.swift; path = AppDelegate.swift; sourceTree = "<group>"; };
		2D62023323320B12002D3C77 /* ViewController.swift */ = {isa = PBXFileReference; lastKnownFileType = sourcecode.swift; path = ViewController.swift; sourceTree = "<group>"; };
		2D62023623320B12002D3C77 /* Base */ = {isa = PBXFileReference; lastKnownFileType = file.storyboard; name = Base; path = Base.lproj/Main.storyboard; sourceTree = "<group>"; };
		2D62023823320B13002D3C77 /* Assets.xcassets */ = {isa = PBXFileReference; lastKnownFileType = folder.assetcatalog; path = Assets.xcassets; sourceTree = "<group>"; };
		2D62023B23320B13002D3C77 /* Base */ = {isa = PBXFileReference; lastKnownFileType = file.storyboard; name = Base; path = Base.lproj/LaunchScreen.storyboard; sourceTree = "<group>"; };
		2D62023D23320B13002D3C77 /* Info.plist */ = {isa = PBXFileReference; lastKnownFileType = text.plist.xml; path = Info.plist; sourceTree = "<group>"; };
		3B4240C903666AA94D545EDC /* Pods-AnimatedClockDemo.debug.xcconfig */ = {isa = PBXFileReference; includeInIndex = 1; lastKnownFileType = text.xcconfig; name = "Pods-AnimatedClockDemo.debug.xcconfig"; path = "Target Support Files/Pods-AnimatedClockDemo/Pods-AnimatedClockDemo.debug.xcconfig"; sourceTree = "<group>"; };
		411FAA8B3D407933386CABFF /* Pods_AnimatedClockDemo.framework */ = {isa = PBXFileReference; explicitFileType = wrapper.framework; includeInIndex = 0; path = Pods_AnimatedClockDemo.framework; sourceTree = BUILT_PRODUCTS_DIR; };
/* End PBXFileReference section */

/* Begin PBXFrameworksBuildPhase section */
		2D62022B23320B12002D3C77 /* Frameworks */ = {
			isa = PBXFrameworksBuildPhase;
			buildActionMask = 2147483647;
			files = (
				A185EEEFF2DD3E3CCBC2D5EE /* Pods_AnimatedClockDemo.framework in Frameworks */,
			);
			runOnlyForDeploymentPostprocessing = 0;
		};
/* End PBXFrameworksBuildPhase section */

/* Begin PBXGroup section */
		03E59926E3F30DD7E6E0ACA3 /* Pods */ = {
			isa = PBXGroup;
			children = (
				3B4240C903666AA94D545EDC /* Pods-AnimatedClockDemo.debug.xcconfig */,
				003291375DEA50A3CDA1B455 /* Pods-AnimatedClockDemo.release.xcconfig */,
			);
			name = Pods;
			path = Pods;
			sourceTree = "<group>";
		};
		2D62022523320B12002D3C77 = {
			isa = PBXGroup;
			children = (
				2D62023023320B12002D3C77 /* AnimatedClockDemo */,
				2D62022F23320B12002D3C77 /* Products */,
				03E59926E3F30DD7E6E0ACA3 /* Pods */,
				8873656F45B3F3B6F6F70934 /* Frameworks */,
			);
			sourceTree = "<group>";
		};
		2D62022F23320B12002D3C77 /* Products */ = {
			isa = PBXGroup;
			children = (
				2D62022E23320B12002D3C77 /* AnimatedClockDemo.app */,
			);
			name = Products;
			sourceTree = "<group>";
		};
		2D62023023320B12002D3C77 /* AnimatedClockDemo */ = {
			isa = PBXGroup;
			children = (
				2D62023123320B12002D3C77 /* AppDelegate.swift */,
				2D62023323320B12002D3C77 /* ViewController.swift */,
				2D62023523320B12002D3C77 /* Main.storyboard */,
				2D62023823320B13002D3C77 /* Assets.xcassets */,
				2D62023A23320B13002D3C77 /* LaunchScreen.storyboard */,
				2D62023D23320B13002D3C77 /* Info.plist */,
			);
			path = AnimatedClockDemo;
			sourceTree = "<group>";
		};
		8873656F45B3F3B6F6F70934 /* Frameworks */ = {
			isa = PBXGroup;
			children = (
				411FAA8B3D407933386CABFF /* Pods_AnimatedClockDemo.framework */,
			);
			name = Frameworks;
			sourceTree = "<group>";
		};
/* End PBXGroup section */

/* Begin PBXNativeTarget section */
		2D62022D23320B12002D3C77 /* AnimatedClockDemo */ = {
			isa = PBXNativeTarget;
			buildConfigurationList = 2D62024023320B13002D3C77 /* Build configuration list for PBXNativeTarget "AnimatedClockDemo" */;
			buildPhases = (
				C8B3A3E4F837FB53914F48B0 /* [CP] Check Pods Manifest.lock */,
				2D62022A23320B12002D3C77 /* Sources */,
				2D62022B23320B12002D3C77 /* Frameworks */,
				2D62022C23320B12002D3C77 /* Resources */,
				2D66C1032332DAE7001C8410 /* Embed Frameworks */,
				A2FC47F8BFEA9CC2B45E68E8 /* [CP] Embed Pods Frameworks */,
			);
			buildRules = (
			);
			dependencies = (
			);
			name = AnimatedClockDemo;
			productName = AnimatedClockDemo;
			productReference = 2D62022E23320B12002D3C77 /* AnimatedClockDemo.app */;
			productType = "com.apple.product-type.application";
		};
/* End PBXNativeTarget section */

/* Begin PBXProject section */
		2D62022623320B12002D3C77 /* Project object */ = {
			isa = PBXProject;
			attributes = {
				LastSwiftUpdateCheck = 1020;
				LastUpgradeCheck = 1020;
				ORGANIZATIONNAME = Taleb;
				TargetAttributes = {
					2D62022D23320B12002D3C77 = {
						CreatedOnToolsVersion = 10.2;
					};
				};
			};
			buildConfigurationList = 2D62022923320B12002D3C77 /* Build configuration list for PBXProject "AnimatedClockDemo" */;
			compatibilityVersion = "Xcode 9.3";
			developmentRegion = en;
			hasScannedForEncodings = 0;
			knownRegions = (
				en,
				Base,
			);
			mainGroup = 2D62022523320B12002D3C77;
			productRefGroup = 2D62022F23320B12002D3C77 /* Products */;
			projectDirPath = "";
			projectRoot = "";
			targets = (
				2D62022D23320B12002D3C77 /* AnimatedClockDemo */,
			);
		};
/* End PBXProject section */

/* Begin PBXResourcesBuildPhase section */
		2D62022C23320B12002D3C77 /* Resources */ = {
			isa = PBXResourcesBuildPhase;
			buildActionMask = 2147483647;
			files = (
				2D62023C23320B13002D3C77 /* LaunchScreen.storyboard in Resources */,
				2D62023923320B13002D3C77 /* Assets.xcassets in Resources */,
				2D62023723320B12002D3C77 /* Main.storyboard in Resources */,
			);
			runOnlyForDeploymentPostprocessing = 0;
		};
/* End PBXResourcesBuildPhase section */

/* Begin PBXShellScriptBuildPhase section */
		A2FC47F8BFEA9CC2B45E68E8 /* [CP] Embed Pods Frameworks */ = {
			isa = PBXShellScriptBuildPhase;
			buildActionMask = 2147483647;
			files = (
			);
			inputFileListPaths = (
				"${PODS_ROOT}/Target Support Files/Pods-AnimatedClockDemo/Pods-AnimatedClockDemo-frameworks-${CONFIGURATION}-input-files.xcfilelist",
			);
			name = "[CP] Embed Pods Frameworks";
			outputFileListPaths = (
				"${PODS_ROOT}/Target Support Files/Pods-AnimatedClockDemo/Pods-AnimatedClockDemo-frameworks-${CONFIGURATION}-output-files.xcfilelist",
			);
			runOnlyForDeploymentPostprocessing = 0;
			shellPath = /bin/sh;
			shellScript = "\"${PODS_ROOT}/Target Support Files/Pods-AnimatedClockDemo/Pods-AnimatedClockDemo-frameworks.sh\"\n";
			showEnvVarsInLog = 0;
		};
		C8B3A3E4F837FB53914F48B0 /* [CP] Check Pods Manifest.lock */ = {
			isa = PBXShellScriptBuildPhase;
			buildActionMask = 2147483647;
			files = (
			);
			inputFileListPaths = (
			);
			inputPaths = (
				"${PODS_PODFILE_DIR_PATH}/Podfile.lock",
				"${PODS_ROOT}/Manifest.lock",
			);
			name = "[CP] Check Pods Manifest.lock";
			outputFileListPaths = (
			);
			outputPaths = (
				"$(DERIVED_FILE_DIR)/Pods-AnimatedClockDemo-checkManifestLockResult.txt",
			);
			runOnlyForDeploymentPostprocessing = 0;
			shellPath = /bin/sh;
			shellScript = "diff \"${PODS_PODFILE_DIR_PATH}/Podfile.lock\" \"${PODS_ROOT}/Manifest.lock\" > /dev/null\nif [ $? != 0 ] ; then\n    # print error to STDERR\n    echo \"error: The sandbox is not in sync with the Podfile.lock. Run 'pod install' or update your CocoaPods installation.\" >&2\n    exit 1\nfi\n# This output is used by Xcode 'outputs' to avoid re-running this script phase.\necho \"SUCCESS\" > \"${SCRIPT_OUTPUT_FILE_0}\"\n";
			showEnvVarsInLog = 0;
		};
/* End PBXShellScriptBuildPhase section */

/* Begin PBXSourcesBuildPhase section */
		2D62022A23320B12002D3C77 /* Sources */ = {
			isa = PBXSourcesBuildPhase;
			buildActionMask = 2147483647;
			files = (
				2D62023423320B12002D3C77 /* ViewController.swift in Sources */,
				2D62023223320B12002D3C77 /* AppDelegate.swift in Sources */,
			);
			runOnlyForDeploymentPostprocessing = 0;
		};
/* End PBXSourcesBuildPhase section */

/* Begin PBXVariantGroup section */
		2D62023523320B12002D3C77 /* Main.storyboard */ = {
			isa = PBXVariantGroup;
			children = (
				2D62023623320B12002D3C77 /* Base */,
			);
			name = Main.storyboard;
			sourceTree = "<group>";
		};
		2D62023A23320B13002D3C77 /* LaunchScreen.storyboard */ = {
			isa = PBXVariantGroup;
			children = (
				2D62023B23320B13002D3C77 /* Base */,
			);
			name = LaunchScreen.storyboard;
			sourceTree = "<group>";
		};
/* End PBXVariantGroup section */

/* Begin XCBuildConfiguration section */
		2D62023E23320B13002D3C77 /* Debug */ = {
			isa = XCBuildConfiguration;
			buildSettings = {
				ALWAYS_SEARCH_USER_PATHS = NO;
				CLANG_ANALYZER_NONNULL = YES;
				CLANG_ANALYZER_NUMBER_OBJECT_CONVERSION = YES_AGGRESSIVE;
				CLANG_CXX_LANGUAGE_STANDARD = "gnu++14";
				CLANG_CXX_LIBRARY = "libc++";
				CLANG_ENABLE_MODULES = YES;
				CLANG_ENABLE_OBJC_ARC = YES;
				CLANG_ENABLE_OBJC_WEAK = YES;
				CLANG_WARN_BLOCK_CAPTURE_AUTORELEASING = YES;
				CLANG_WARN_BOOL_CONVERSION = YES;
				CLANG_WARN_COMMA = YES;
				CLANG_WARN_CONSTANT_CONVERSION = YES;
				CLANG_WARN_DEPRECATED_OBJC_IMPLEMENTATIONS = YES;
				CLANG_WARN_DIRECT_OBJC_ISA_USAGE = YES_ERROR;
				CLANG_WARN_DOCUMENTATION_COMMENTS = YES;
				CLANG_WARN_EMPTY_BODY = YES;
				CLANG_WARN_ENUM_CONVERSION = YES;
				CLANG_WARN_INFINITE_RECURSION = YES;
				CLANG_WARN_INT_CONVERSION = YES;
				CLANG_WARN_NON_LITERAL_NULL_CONVERSION = YES;
				CLANG_WARN_OBJC_IMPLICIT_RETAIN_SELF = YES;
				CLANG_WARN_OBJC_LITERAL_CONVERSION = YES;
				CLANG_WARN_OBJC_ROOT_CLASS = YES_ERROR;
				CLANG_WARN_RANGE_LOOP_ANALYSIS = YES;
				CLANG_WARN_STRICT_PROTOTYPES = YES;
				CLANG_WARN_SUSPICIOUS_MOVE = YES;
				CLANG_WARN_UNGUARDED_AVAILABILITY = YES_AGGRESSIVE;
				CLANG_WARN_UNREACHABLE_CODE = YES;
				CLANG_WARN__DUPLICATE_METHOD_MATCH = YES;
				CODE_SIGN_IDENTITY = "iPhone Developer";
				COPY_PHASE_STRIP = NO;
				DEBUG_INFORMATION_FORMAT = dwarf;
				ENABLE_STRICT_OBJC_MSGSEND = YES;
				ENABLE_TESTABILITY = YES;
				GCC_C_LANGUAGE_STANDARD = gnu11;
				GCC_DYNAMIC_NO_PIC = NO;
				GCC_NO_COMMON_BLOCKS = YES;
				GCC_OPTIMIZATION_LEVEL = 0;
				GCC_PREPROCESSOR_DEFINITIONS = (
					"DEBUG=1",
					"$(inherited)",
				);
				GCC_WARN_64_TO_32_BIT_CONVERSION = YES;
				GCC_WARN_ABOUT_RETURN_TYPE = YES_ERROR;
				GCC_WARN_UNDECLARED_SELECTOR = YES;
				GCC_WARN_UNINITIALIZED_AUTOS = YES_AGGRESSIVE;
				GCC_WARN_UNUSED_FUNCTION = YES;
				GCC_WARN_UNUSED_VARIABLE = YES;
				IPHONEOS_DEPLOYMENT_TARGET = 12.2;
				MTL_ENABLE_DEBUG_INFO = INCLUDE_SOURCE;
				MTL_FAST_MATH = YES;
				ONLY_ACTIVE_ARCH = YES;
				SDKROOT = iphoneos;
				SWIFT_ACTIVE_COMPILATION_CONDITIONS = DEBUG;
				SWIFT_OPTIMIZATION_LEVEL = "-Onone";
			};
			name = Debug;
		};
		2D62023F23320B13002D3C77 /* Release */ = {
			isa = XCBuildConfiguration;
			buildSettings = {
				ALWAYS_SEARCH_USER_PATHS = NO;
				CLANG_ANALYZER_NONNULL = YES;
				CLANG_ANALYZER_NUMBER_OBJECT_CONVERSION = YES_AGGRESSIVE;
				CLANG_CXX_LANGUAGE_STANDARD = "gnu++14";
				CLANG_CXX_LIBRARY = "libc++";
				CLANG_ENABLE_MODULES = YES;
				CLANG_ENABLE_OBJC_ARC = YES;
				CLANG_ENABLE_OBJC_WEAK = YES;
				CLANG_WARN_BLOCK_CAPTURE_AUTORELEASING = YES;
				CLANG_WARN_BOOL_CONVERSION = YES;
				CLANG_WARN_COMMA = YES;
				CLANG_WARN_CONSTANT_CONVERSION = YES;
				CLANG_WARN_DEPRECATED_OBJC_IMPLEMENTATIONS = YES;
				CLANG_WARN_DIRECT_OBJC_ISA_USAGE = YES_ERROR;
				CLANG_WARN_DOCUMENTATION_COMMENTS = YES;
				CLANG_WARN_EMPTY_BODY = YES;
				CLANG_WARN_ENUM_CONVERSION = YES;
				CLANG_WARN_INFINITE_RECURSION = YES;
				CLANG_WARN_INT_CONVERSION = YES;
				CLANG_WARN_NON_LITERAL_NULL_CONVERSION = YES;
				CLANG_WARN_OBJC_IMPLICIT_RETAIN_SELF = YES;
				CLANG_WARN_OBJC_LITERAL_CONVERSION = YES;
				CLANG_WARN_OBJC_ROOT_CLASS = YES_ERROR;
				CLANG_WARN_RANGE_LOOP_ANALYSIS = YES;
				CLANG_WARN_STRICT_PROTOTYPES = YES;
				CLANG_WARN_SUSPICIOUS_MOVE = YES;
				CLANG_WARN_UNGUARDED_AVAILABILITY = YES_AGGRESSIVE;
				CLANG_WARN_UNREACHABLE_CODE = YES;
				CLANG_WARN__DUPLICATE_METHOD_MATCH = YES;
				CODE_SIGN_IDENTITY = "iPhone Developer";
				COPY_PHASE_STRIP = NO;
				DEBUG_INFORMATION_FORMAT = "dwarf-with-dsym";
				ENABLE_NS_ASSERTIONS = NO;
				ENABLE_STRICT_OBJC_MSGSEND = YES;
				GCC_C_LANGUAGE_STANDARD = gnu11;
				GCC_NO_COMMON_BLOCKS = YES;
				GCC_WARN_64_TO_32_BIT_CONVERSION = YES;
				GCC_WARN_ABOUT_RETURN_TYPE = YES_ERROR;
				GCC_WARN_UNDECLARED_SELECTOR = YES;
				GCC_WARN_UNINITIALIZED_AUTOS = YES_AGGRESSIVE;
				GCC_WARN_UNUSED_FUNCTION = YES;
				GCC_WARN_UNUSED_VARIABLE = YES;
				IPHONEOS_DEPLOYMENT_TARGET = 12.2;
				MTL_ENABLE_DEBUG_INFO = NO;
				MTL_FAST_MATH = YES;
				SDKROOT = iphoneos;
				SWIFT_COMPILATION_MODE = wholemodule;
				SWIFT_OPTIMIZATION_LEVEL = "-O";
				VALIDATE_PRODUCT = YES;
			};
			name = Release;
		};
		2D62024123320B13002D3C77 /* Debug */ = {
			isa = XCBuildConfiguration;
			baseConfigurationReference = 3B4240C903666AA94D545EDC /* Pods-AnimatedClockDemo.debug.xcconfig */;
			buildSettings = {
				ALWAYS_EMBED_SWIFT_STANDARD_LIBRARIES = YES;
				ASSETCATALOG_COMPILER_APPICON_NAME = AppIcon;
				CODE_SIGN_STYLE = Automatic;
				INFOPLIST_FILE = AnimatedClockDemo/Info.plist;
				LD_RUNPATH_SEARCH_PATHS = (
					"$(inherited)",
					"@executable_path/Frameworks",
				);
				PRODUCT_BUNDLE_IDENTIFIER = com.taleb.AnimatedClockDemo;
				PRODUCT_NAME = "$(TARGET_NAME)";
				SWIFT_VERSION = 5.0;
				TARGETED_DEVICE_FAMILY = "1,2";
			};
			name = Debug;
		};
		2D62024223320B13002D3C77 /* Release */ = {
			isa = XCBuildConfiguration;
			baseConfigurationReference = 003291375DEA50A3CDA1B455 /* Pods-AnimatedClockDemo.release.xcconfig */;
			buildSettings = {
				ALWAYS_EMBED_SWIFT_STANDARD_LIBRARIES = YES;
				ASSETCATALOG_COMPILER_APPICON_NAME = AppIcon;
				CODE_SIGN_STYLE = Automatic;
				INFOPLIST_FILE = AnimatedClockDemo/Info.plist;
				LD_RUNPATH_SEARCH_PATHS = (
					"$(inherited)",
					"@executable_path/Frameworks",
				);
				PRODUCT_BUNDLE_IDENTIFIER = com.taleb.AnimatedClockDemo;
				PRODUCT_NAME = "$(TARGET_NAME)";
				SWIFT_VERSION = 5.0;
				TARGETED_DEVICE_FAMILY = "1,2";
			};
			name = Release;
		};
/* End XCBuildConfiguration section */

/* Begin XCConfigurationList section */
		2D62022923320B12002D3C77 /* Build configuration list for PBXProject "AnimatedClockDemo" */ = {
			isa = XCConfigurationList;
			buildConfigurations = (
				2D62023E23320B13002D3C77 /* Debug */,
				2D62023F23320B13002D3C77 /* Release */,
			);
			defaultConfigurationIsVisible = 0;
			defaultConfigurationName = Release;
		};
		2D62024023320B13002D3C77 /* Build configuration list for PBXNativeTarget "AnimatedClockDemo" */ = {
			isa = XCConfigurationList;
			buildConfigurations = (
				2D62024123320B13002D3C77 /* Debug */,
				2D62024223320B13002D3C77 /* Release */,
			);
			defaultConfigurationIsVisible = 0;
			defaultConfigurationName = Release;
		};
/* End XCConfigurationList section */
	};
	rootObject = 2D62022623320B12002D3C77 /* Project object */;
}
